github.com/go-gl/glfw/v3.3/glfw v0.0.0-20240307211618-a69d953ea142 h1:/4YI5K2b16JtP2cL4D2xDNvH/ESm2ZbGJ0VsudkHJ5s=
github.com/go-gl/glfw/v3.3/glfw v0.0.0-20240307211618-a69d953ea142/go.mod h1:tQ2UAYgL5IevRw8kRxooKSPJfGvJ9fJQFa0TUsXzTg8=
github.com/go-gl/glfw/v3.3/glfw v0.0.0-20240506104042-037f3cc74f2a h1:vxnBhFDDT+xzxf1jTJKMKZw3H0swfWk9RpWbBbDK5+0=
github.com/go-gl/glfw/v3.3/glfw v0.0.0-20240506104042-037f3cc74f2a/go.mod h1:tQ2UAYgL5IevRw8kRxooKSPJfGvJ9fJQFa0TUsXzTg8=
github.com/rajveermalviya/go-webgpu/wgpu v0.17.1 h1:BlPsyVdDfTdDh50nZypBH5Qu+on03AJgiRs0Lt7TFaI=
github.com/rajveermalviya/go-webgpu/wgpu v0.17.1/go.mod h1:fr08XXRX3QNhQW6ylg9ihJl3NXFU0oMuqOglGpSgSJo=
github.com/rajveermalviya/go-webgpu/wgpuext/glfw v0.1.1 h1:4K8d7OqHe7SLqyVDJBVb7ig6IvmnLA8pyb+DFMLKL6E=
github.com/rajveermalviya/go-webgpu/wgpuext/glfw v0.1.1/go.mod h1:ot0RxM94jKRVgXnL7K42Wqmj2qgnnuh2461cP+L0LDM=
github.com/udhos/gwob v1.0.0 h1:P9br9SLca7H5Hr/WuEcO9+ViUm+wlQnr4vxpPU6c6ww=
github.com/udhos/gwob v1.0.0/go.mod h1:xj4qGbkwL1sTPm1V17NfcIhkgG2rjfb8cUv9YIqE6DE=
